
Microsoft Visual Studio Solution File, Format Version 12.00
# Visual Studio Version 17
VisualStudioVersion = 17.9.34728.123
MinimumVisualStudioVersion = 10.0.40219.1
Project("{9A19103F-16F7-4668-BE54-9A1E7A4F7556}") = "verse.Mesh.Net.InventoryService", "verse.Mesh.Net.InventoryService\verse.Mesh.Net.InventoryService.csproj", "{1BE91115-6108-415A-A21D-925C495D9F47}"
EndProject
Project("{2150E333-8FDC-42A3-9474-1A3956D46DE8}") = "1. Microservices", "1. Microservices", "{64753E2B-8A78-4049-B331-AC4034D4DB76}"
EndProject
Project("{9A19103F-16F7-4668-BE54-9A1E7A4F7556}") = "verse.Mesh.Net.CartService", "verse.Mesh.Net.CartService\verse.Mesh.Net.CartService.csproj", "{4242005F-0087-49E4-972B-1E4D75AF2534}"
EndProject
Project("{9A19103F-16F7-4668-BE54-9A1E7A4F7556}") = "verse.Mesh.Net.ShippingService", "verse.Mesh.Net.ShippingService\verse.Mesh.Net.ShippingService.csproj", "{3188D3A6-CBF4-46C0-8EB5-D8CE0BA84D4D}"
EndProject
Project("{9A19103F-16F7-4668-BE54-9A1E7A4F7556}") = "verse.Mesh.Net.PaymentService", "verse.Mesh.Net.PaymentService\verse.Mesh.Net.PaymentService.csproj", "{D04FFEAE-08F5-4A50-9536-52F05E4811BA}"
EndProject
Project("{9A19103F-16F7-4668-BE54-9A1E7A4F7556}") = "verse.Mesh.Net.RecommendationService", "verse.Mesh.Net.RecommendationService\verse.Mesh.Net.RecommendationService.csproj", "{2B41A4DC-486A-4100-AB99-8CE79A2FDB86}"
EndProject
Project("{9A19103F-16F7-4668-BE54-9A1E7A4F7556}") = "verse.Mesh.Net.CheckoutService", "verse.Mesh.Net.CheckoutService\verse.Mesh.Net.CheckoutService.csproj", "{6440C639-2BFD-4063-8BAC-5FAF289A011A}"
EndProject
Project("{2150E333-8FDC-42A3-9474-1A3956D46DE8}") = "0. Solution Items", "0. Solution Items", "{446A2421-CA30-49B4-B609-EC214BE10AB6}"
	ProjectSection(SolutionItems) = preProject
		.dockerignore = .dockerignore
		.editorconfig = .editorconfig
		.gitignore = .gitignore
		Directory.Build.props = Directory.Build.props
	EndProjectSection
EndProject
Project("{2150E333-8FDC-42A3-9474-1A3956D46DE8}") = "4. Core", "4. Core", "{CF924777-687A-410E-B838-662E7AD3B9F5}"
EndProject
Project("{2150E333-8FDC-42A3-9474-1A3956D46DE8}") = "3. Infrastructure", "3. Infrastructure", "{536AEFFA-0351-4C6B-8BD2-86289875E223}"
EndProject
Project("{2150E333-8FDC-42A3-9474-1A3956D46DE8}") = "2. UseCases", "2. UseCases", "{D3972FC2-3C4E-476E-8C6E-7D5CF026B0E3}"
EndProject
Project("{9A19103F-16F7-4668-BE54-9A1E7A4F7556}") = "verse.Mesh.Net.Core", "verse.Mesh.Net.Core\verse.Mesh.Net.Core.csproj", "{55E1DCB6-AE98-41B5-9ABC-D9EA5FAB38B5}"
EndProject
Project("{9A19103F-16F7-4668-BE54-9A1E7A4F7556}") = "verse.Mesh.Net.Infrastructure", "verse.Mesh.Net.Infrastructure\verse.Mesh.Net.Infrastructure.csproj", "{8C2C44B6-4389-4A04-A010-469B7409AF4D}"
EndProject
Project("{9A19103F-16F7-4668-BE54-9A1E7A4F7556}") = "verse.Mesh.Net.UseCases", "verse.Mesh.Net.UseCases\verse.Mesh.Net.UseCases.csproj", "{27730A9C-0ABF-4200-BDF4-3C3191031002}"
EndProject
Project("{2150E333-8FDC-42A3-9474-1A3956D46DE8}") = "7. Functional Tests", "7. Functional Tests", "{7E897855-E90C-405B-83F3-0593AC8C64A9}"
EndProject
Project("{2150E333-8FDC-42A3-9474-1A3956D46DE8}") = "5. Unit Tests", "5. Unit Tests", "{0BF959D6-787A-4EEE-98FF-24FFE23AFE3E}"
EndProject
Project("{2150E333-8FDC-42A3-9474-1A3956D46DE8}") = "6. Integration Tests", "6. Integration Tests", "{0D68E201-2ED7-4536-9585-AC199754A0D3}"
EndProject
Project("{9A19103F-16F7-4668-BE54-9A1E7A4F7556}") = "verse.Mesh.Net.UnitTests", "verse.Mesh.Net.UnitTests\verse.Mesh.Net.UnitTests.csproj", "{10000BCC-93B7-4C67-A6D1-55C40388CFB0}"
EndProject
Project("{9A19103F-16F7-4668-BE54-9A1E7A4F7556}") = "verse.Mesh.Net.IntegrationTests", "verse.Mesh.Net.IntegrationTests\verse.Mesh.Net.IntegrationTests.csproj", "{ED5A6224-1AE6-430D-A430-AD733043645B}"
EndProject
Project("{9A19103F-16F7-4668-BE54-9A1E7A4F7556}") = "verse.Mesh.Net.FunctionalTests", "verse.Mesh.Net.FunctionalTests\verse.Mesh.Net.FunctionalTests.csproj", "{96B58413-121A-4994-8197-71C5FC37F97F}"
EndProject
Global
	GlobalSection(SolutionConfigurationPlatforms) = preSolution
		Debug|Any CPU = Debug|Any CPU
		Release|Any CPU = Release|Any CPU
	EndGlobalSection
	GlobalSection(ProjectConfigurationPlatforms) = postSolution
		{1BE91115-6108-415A-A21D-925C495D9F47}.Debug|Any CPU.ActiveCfg = Debug|Any CPU
		{1BE91115-6108-415A-A21D-925C495D9F47}.Debug|Any CPU.Build.0 = Debug|Any CPU
		{1BE91115-6108-415A-A21D-925C495D9F47}.Release|Any CPU.ActiveCfg = Release|Any CPU
		{1BE91115-6108-415A-A21D-925C495D9F47}.Release|Any CPU.Build.0 = Release|Any CPU
		{4242005F-0087-49E4-972B-1E4D75AF2534}.Debug|Any CPU.ActiveCfg = Debug|Any CPU
		{4242005F-0087-49E4-972B-1E4D75AF2534}.Debug|Any CPU.Build.0 = Debug|Any CPU
		{4242005F-0087-49E4-972B-1E4D75AF2534}.Release|Any CPU.ActiveCfg = Release|Any CPU
		{4242005F-0087-49E4-972B-1E4D75AF2534}.Release|Any CPU.Build.0 = Release|Any CPU
		{3188D3A6-CBF4-46C0-8EB5-D8CE0BA84D4D}.Debug|Any CPU.ActiveCfg = Debug|Any CPU
		{3188D3A6-CBF4-46C0-8EB5-D8CE0BA84D4D}.Debug|Any CPU.Build.0 = Debug|Any CPU
		{3188D3A6-CBF4-46C0-8EB5-D8CE0BA84D4D}.Release|Any CPU.ActiveCfg = Release|Any CPU
		{3188D3A6-CBF4-46C0-8EB5-D8CE0BA84D4D}.Release|Any CPU.Build.0 = Release|Any CPU
		{D04FFEAE-08F5-4A50-9536-52F05E4811BA}.Debug|Any CPU.ActiveCfg = Debug|Any CPU
		{D04FFEAE-08F5-4A50-9536-52F05E4811BA}.Debug|Any CPU.Build.0 = Debug|Any CPU
		{D04FFEAE-08F5-4A50-9536-52F05E4811BA}.Release|Any CPU.ActiveCfg = Release|Any CPU
		{D04FFEAE-08F5-4A50-9536-52F05E4811BA}.Release|Any CPU.Build.0 = Release|Any CPU
		{2B41A4DC-486A-4100-AB99-8CE79A2FDB86}.Debug|Any CPU.ActiveCfg = Debug|Any CPU
		{2B41A4DC-486A-4100-AB99-8CE79A2FDB86}.Debug|Any CPU.Build.0 = Debug|Any CPU
		{2B41A4DC-486A-4100-AB99-8CE79A2FDB86}.Release|Any CPU.ActiveCfg = Release|Any CPU
		{2B41A4DC-486A-4100-AB99-8CE79A2FDB86}.Release|Any CPU.Build.0 = Release|Any CPU
		{6440C639-2BFD-4063-8BAC-5FAF289A011A}.Debug|Any CPU.ActiveCfg = Debug|Any CPU
		{6440C639-2BFD-4063-8BAC-5FAF289A011A}.Debug|Any CPU.Build.0 = Debug|Any CPU
		{6440C639-2BFD-4063-8BAC-5FAF289A011A}.Release|Any CPU.ActiveCfg = Release|Any CPU
		{6440C639-2BFD-4063-8BAC-5FAF289A011A}.Release|Any CPU.Build.0 = Release|Any CPU
		{55E1DCB6-AE98-41B5-9ABC-D9EA5FAB38B5}.Debug|Any CPU.ActiveCfg = Debug|Any CPU
		{55E1DCB6-AE98-41B5-9ABC-D9EA5FAB38B5}.Debug|Any CPU.Build.0 = Debug|Any CPU
		{55E1DCB6-AE98-41B5-9ABC-D9EA5FAB38B5}.Release|Any CPU.ActiveCfg = Release|Any CPU
		{55E1DCB6-AE98-41B5-9ABC-D9EA5FAB38B5}.Release|Any CPU.Build.0 = Release|Any CPU
		{8C2C44B6-4389-4A04-A010-469B7409AF4D}.Debug|Any CPU.ActiveCfg = Debug|Any CPU
		{8C2C44B6-4389-4A04-A010-469B7409AF4D}.Debug|Any CPU.Build.0 = Debug|Any CPU
		{8C2C44B6-4389-4A04-A010-469B7409AF4D}.Release|Any CPU.ActiveCfg = Release|Any CPU
		{8C2C44B6-4389-4A04-A010-469B7409AF4D}.Release|Any CPU.Build.0 = Release|Any CPU
		{27730A9C-0ABF-4200-BDF4-3C3191031002}.Debug|Any CPU.ActiveCfg = Debug|Any CPU
		{27730A9C-0ABF-4200-BDF4-3C3191031002}.Debug|Any CPU.Build.0 = Debug|Any CPU
		{27730A9C-0ABF-4200-BDF4-3C3191031002}.Release|Any CPU.ActiveCfg = Release|Any CPU
		{27730A9C-0ABF-4200-BDF4-3C3191031002}.Release|Any CPU.Build.0 = Release|Any CPU
		{10000BCC-93B7-4C67-A6D1-55C40388CFB0}.Debug|Any CPU.ActiveCfg = Debug|Any CPU
		{10000BCC-93B7-4C67-A6D1-55C40388CFB0}.Debug|Any CPU.Build.0 = Debug|Any CPU
		{10000BCC-93B7-4C67-A6D1-55C40388CFB0}.Release|Any CPU.ActiveCfg = Release|Any CPU
		{10000BCC-93B7-4C67-A6D1-55C40388CFB0}.Release|Any CPU.Build.0 = Release|Any CPU
		{ED5A6224-1AE6-430D-A430-AD733043645B}.Debug|Any CPU.ActiveCfg = Debug|Any CPU
		{ED5A6224-1AE6-430D-A430-AD733043645B}.Debug|Any CPU.Build.0 = Debug|Any CPU
		{ED5A6224-1AE6-430D-A430-AD733043645B}.Release|Any CPU.ActiveCfg = Release|Any CPU
		{ED5A6224-1AE6-430D-A430-AD733043645B}.Release|Any CPU.Build.0 = Release|Any CPU
		{96B58413-121A-4994-8197-71C5FC37F97F}.Debug|Any CPU.ActiveCfg = Debug|Any CPU
		{96B58413-121A-4994-8197-71C5FC37F97F}.Debug|Any CPU.Build.0 = Debug|Any CPU
		{96B58413-121A-4994-8197-71C5FC37F97F}.Release|Any CPU.ActiveCfg = Release|Any CPU
		{96B58413-121A-4994-8197-71C5FC37F97F}.Release|Any CPU.Build.0 = Release|Any CPU
	EndGlobalSection
	GlobalSection(SolutionProperties) = preSolution
		HideSolutionNode = FALSE
	EndGlobalSection
	GlobalSection(NestedProjects) = preSolution
		{1BE91115-6108-415A-A21D-925C495D9F47} = {64753E2B-8A78-4049-B331-AC4034D4DB76}
		{4242005F-0087-49E4-972B-1E4D75AF2534} = {64753E2B-8A78-4049-B331-AC4034D4DB76}
		{3188D3A6-CBF4-46C0-8EB5-D8CE0BA84D4D} = {64753E2B-8A78-4049-B331-AC4034D4DB76}
		{D04FFEAE-08F5-4A50-9536-52F05E4811BA} = {64753E2B-8A78-4049-B331-AC4034D4DB76}
		{2B41A4DC-486A-4100-AB99-8CE79A2FDB86} = {64753E2B-8A78-4049-B331-AC4034D4DB76}
		{6440C639-2BFD-4063-8BAC-5FAF289A011A} = {64753E2B-8A78-4049-B331-AC4034D4DB76}
		{55E1DCB6-AE98-41B5-9ABC-D9EA5FAB38B5} = {CF924777-687A-410E-B838-662E7AD3B9F5}
		{8C2C44B6-4389-4A04-A010-469B7409AF4D} = {536AEFFA-0351-4C6B-8BD2-86289875E223}
		{27730A9C-0ABF-4200-BDF4-3C3191031002} = {D3972FC2-3C4E-476E-8C6E-7D5CF026B0E3}
		{10000BCC-93B7-4C67-A6D1-55C40388CFB0} = {0BF959D6-787A-4EEE-98FF-24FFE23AFE3E}
		{ED5A6224-1AE6-430D-A430-AD733043645B} = {0D68E201-2ED7-4536-9585-AC199754A0D3}
		{96B58413-121A-4994-8197-71C5FC37F97F} = {7E897855-E90C-405B-83F3-0593AC8C64A9}
	EndGlobalSection
	GlobalSection(ExtensibilityGlobals) = postSolution
		SolutionGuid = {5678EF43-6951-4B59-9015-24AEE4F645EC}
	EndGlobalSection
EndGlobal
